
Microsoft Visual Studio Solution File, Format Version 11.00
# Visual Studio 2010
Project("{FAE04EC0-301F-11D3-BF4B-00C04F79EFBC}") = "Semantic City", "Assembly-CSharp-firstpass.csproj", "{847B77A3-EB1A-C7A2-05D8-3458C27E9F94}"
EndProject
Project("{FAE04EC0-301F-11D3-BF4B-00C04F79EFBC}") = "Semantic City", "Assembly-CSharp.csproj", "{95803BB8-3CA1-5699-5B45-E0A02899DAF5}"
EndProject
Project("{FAE04EC0-301F-11D3-BF4B-00C04F79EFBC}") = "Semantic City", "Assembly-CSharp-Editor-firstpass.csproj", "{111CB686-4E7A-3F7B-B8DE-207302AF3976}"
EndProject
Global
	GlobalSection(SolutionConfigurationPlatforms) = preSolution
		Debug|Any CPU = Debug|Any CPU
		Release|Any CPU = Release|Any CPU
	EndGlobalSection
	GlobalSection(ProjectConfigurationPlatforms) = postSolution
		{847B77A3-EB1A-C7A2-05D8-3458C27E9F94}.Debug|Any CPU.ActiveCfg = Debug|Any CPU
		{847B77A3-EB1A-C7A2-05D8-3458C27E9F94}.Debug|Any CPU.Build.0 = Debug|Any CPU
		{847B77A3-EB1A-C7A2-05D8-3458C27E9F94}.Release|Any CPU.ActiveCfg = Release|Any CPU
		{847B77A3-EB1A-C7A2-05D8-3458C27E9F94}.Release|Any CPU.Build.0 = Release|Any CPU
		{95803BB8-3CA1-5699-5B45-E0A02899DAF5}.Debug|Any CPU.ActiveCfg = Debug|Any CPU
		{95803BB8-3CA1-5699-5B45-E0A02899DAF5}.Debug|Any CPU.Build.0 = Debug|Any CPU
		{95803BB8-3CA1-5699-5B45-E0A02899DAF5}.Release|Any CPU.ActiveCfg = Release|Any CPU
		{95803BB8-3CA1-5699-5B45-E0A02899DAF5}.Release|Any CPU.Build.0 = Release|Any CPU
		{111CB686-4E7A-3F7B-B8DE-207302AF3976}.Debug|Any CPU.ActiveCfg = Debug|Any CPU
		{111CB686-4E7A-3F7B-B8DE-207302AF3976}.Debug|Any CPU.Build.0 = Debug|Any CPU
		{111CB686-4E7A-3F7B-B8DE-207302AF3976}.Release|Any CPU.ActiveCfg = Release|Any CPU
		{111CB686-4E7A-3F7B-B8DE-207302AF3976}.Release|Any CPU.Build.0 = Release|Any CPU
	EndGlobalSection
	GlobalSection(SolutionProperties) = preSolution
		HideSolutionNode = FALSE
	EndGlobalSection
	GlobalSection(MonoDevelopProperties) = preSolution
		StartupItem = Assembly-CSharp.csproj
	EndGlobalSection
EndGlobal
